
Microsoft Visual Studio Solution File, Format Version 12.00
# Visual Studio 15
VisualStudioVersion = 15.0.28307.960
MinimumVisualStudioVersion = 10.0.40219.1
Project("{FAE04EC0-301F-11D3-BF4B-00C04F79EFBC}") = "00_Biblioteca", "00_Biblioteca\00_Biblioteca.csproj", "{CCAFBEEF-CA6C-4EE3-9281-201D34036F54}"
EndProject
Project("{FAE04EC0-301F-11D3-BF4B-00C04F79EFBC}") = "01_SerializarXML", "01_SerializarXML\01_SerializarXML.csproj", "{9EC1D056-5346-4ED8-9EEB-B5BF187DFD6D}"
EndProject
Project("{FAE04EC0-301F-11D3-BF4B-00C04F79EFBC}") = "02_DeserializarXML", "02_Deserializar\02_DeserializarXML.csproj", "{C5E6EA6C-DAE1-44FD-9194-47396B5FAAE7}"
EndProject
Project("{FAE04EC0-301F-11D3-BF4B-00C04F79EFBC}") = "03_SerializarJSON", "03_SerializarJSON\03_SerializarJSON.csproj", "{F3933836-B09D-460D-A5E3-B2DDFCEAAE9C}"
EndProject
Project("{FAE04EC0-301F-11D3-BF4B-00C04F79EFBC}") = "04_DeserializarJSON", "04_Deserializar\04_DeserializarJSON.csproj", "{F86B6546-0896-4206-92EC-E2DB18DADF34}"
EndProject
Global
	GlobalSection(SolutionConfigurationPlatforms) = preSolution
		Debug|Any CPU = Debug|Any CPU
		Release|Any CPU = Release|Any CPU
	EndGlobalSection
	GlobalSection(ProjectConfigurationPlatforms) = postSolution
		{CCAFBEEF-CA6C-4EE3-9281-201D34036F54}.Debug|Any CPU.ActiveCfg = Debug|Any CPU
		{CCAFBEEF-CA6C-4EE3-9281-201D34036F54}.Debug|Any CPU.Build.0 = Debug|Any CPU
		{CCAFBEEF-CA6C-4EE3-9281-201D34036F54}.Release|Any CPU.ActiveCfg = Release|Any CPU
		{CCAFBEEF-CA6C-4EE3-9281-201D34036F54}.Release|Any CPU.Build.0 = Release|Any CPU
		{9EC1D056-5346-4ED8-9EEB-B5BF187DFD6D}.Debug|Any CPU.ActiveCfg = Debug|Any CPU
		{9EC1D056-5346-4ED8-9EEB-B5BF187DFD6D}.Debug|Any CPU.Build.0 = Debug|Any CPU
		{9EC1D056-5346-4ED8-9EEB-B5BF187DFD6D}.Release|Any CPU.ActiveCfg = Release|Any CPU
		{9EC1D056-5346-4ED8-9EEB-B5BF187DFD6D}.Release|Any CPU.Build.0 = Release|Any CPU
		{C5E6EA6C-DAE1-44FD-9194-47396B5FAAE7}.Debug|Any CPU.ActiveCfg = Debug|Any CPU
		{C5E6EA6C-DAE1-44FD-9194-47396B5FAAE7}.Debug|Any CPU.Build.0 = Debug|Any CPU
		{C5E6EA6C-DAE1-44FD-9194-47396B5FAAE7}.Release|Any CPU.ActiveCfg = Release|Any CPU
		{C5E6EA6C-DAE1-44FD-9194-47396B5FAAE7}.Release|Any CPU.Build.0 = Release|Any CPU
		{F3933836-B09D-460D-A5E3-B2DDFCEAAE9C}.Debug|Any CPU.ActiveCfg = Debug|Any CPU
		{F3933836-B09D-460D-A5E3-B2DDFCEAAE9C}.Debug|Any CPU.Build.0 = Debug|Any CPU
		{F3933836-B09D-460D-A5E3-B2DDFCEAAE9C}.Release|Any CPU.ActiveCfg = Release|Any CPU
		{F3933836-B09D-460D-A5E3-B2DDFCEAAE9C}.Release|Any CPU.Build.0 = Release|Any CPU
		{F86B6546-0896-4206-92EC-E2DB18DADF34}.Debug|Any CPU.ActiveCfg = Debug|Any CPU
		{F86B6546-0896-4206-92EC-E2DB18DADF34}.Debug|Any CPU.Build.0 = Debug|Any CPU
		{F86B6546-0896-4206-92EC-E2DB18DADF34}.Release|Any CPU.ActiveCfg = Release|Any CPU
		{F86B6546-0896-4206-92EC-E2DB18DADF34}.Release|Any CPU.Build.0 = Release|Any CPU
	EndGlobalSection
	GlobalSection(SolutionProperties) = preSolution
		HideSolutionNode = FALSE
	EndGlobalSection
	GlobalSection(ExtensibilityGlobals) = postSolution
		SolutionGuid = {01630AF7-E11A-4404-ABCA-9867D3FCEFC5}
	EndGlobalSection
EndGlobal
